
Microsoft Visual Studio Solution File, Format Version 12.00
# Visual Studio Version 17
VisualStudioVersion = 17.0.31903.59
MinimumVisualStudioVersion = 10.0.40219.1
Project("{FAE04EC0-301F-11D3-BF4B-00C04F79EFBC}") = "Markdown", "Markdown\Markdown.csproj", "{A1019028-7651-4C96-BC78-5F9B2B8308FD}"
EndProject
Project("{FAE04EC0-301F-11D3-BF4B-00C04F79EFBC}") = "MarkdownTest", "MarkdownTest\MarkdownTest.csproj", "{F52456EA-1518-4C33-B98A-4937D5DD132A}"
EndProject
Global
	GlobalSection(SolutionConfigurationPlatforms) = preSolution
		Debug|Any CPU = Debug|Any CPU
		Release|Any CPU = Release|Any CPU
	EndGlobalSection
	GlobalSection(SolutionProperties) = preSolution
		HideSolutionNode = FALSE
	EndGlobalSection
	GlobalSection(ProjectConfigurationPlatforms) = postSolution
		{A1019028-7651-4C96-BC78-5F9B2B8308FD}.Debug|Any CPU.ActiveCfg = Debug|Any CPU
		{A1019028-7651-4C96-BC78-5F9B2B8308FD}.Debug|Any CPU.Build.0 = Debug|Any CPU
		{A1019028-7651-4C96-BC78-5F9B2B8308FD}.Release|Any CPU.ActiveCfg = Release|Any CPU
		{A1019028-7651-4C96-BC78-5F9B2B8308FD}.Release|Any CPU.Build.0 = Release|Any CPU
		{F52456EA-1518-4C33-B98A-4937D5DD132A}.Debug|Any CPU.ActiveCfg = Debug|Any CPU
		{F52456EA-1518-4C33-B98A-4937D5DD132A}.Debug|Any CPU.Build.0 = Debug|Any CPU
		{F52456EA-1518-4C33-B98A-4937D5DD132A}.Release|Any CPU.ActiveCfg = Release|Any CPU
		{F52456EA-1518-4C33-B98A-4937D5DD132A}.Release|Any CPU.Build.0 = Release|Any CPU
	EndGlobalSection
EndGlobal
